// !$*UTF8*$!
{
	archiveVersion = 1;
	classes = {
	};
	objectVersion = 46;
	objects = {

/* Begin PBXBuildFile section */
		C8F2D38F167CCEBC00F79826 /* UIKit.framework in Frameworks */ = {isa = PBXBuildFile; fileRef = C8F2D38E167CCEBC00F79826 /* UIKit.framework */; };
		C8F2D391167CCEBC00F79826 /* Foundation.framework in Frameworks */ = {isa = PBXBuildFile; fileRef = C8F2D390167CCEBC00F79826 /* Foundation.framework */; };
		C8F2D393167CCEBC00F79826 /* CoreGraphics.framework in Frameworks */ = {isa = PBXBuildFile; fileRef = C8F2D392167CCEBC00F79826 /* CoreGraphics.framework */; };
		C8F2D399167CCEBC00F79826 /* InfoPlist.strings in Resources */ = {isa = PBXBuildFile; fileRef = C8F2D397167CCEBC00F79826 /* InfoPlist.strings */; };
		C8F2D39B167CCEBC00F79826 /* main.m in Sources */ = {isa = PBXBuildFile; fileRef = C8F2D39A167CCEBC00F79826 /* main.m */; };
		C8F2D39F167CCEBC00F79826 /* AppDelegate.m in Sources */ = {isa = PBXBuildFile; fileRef = C8F2D39E167CCEBC00F79826 /* AppDelegate.m */; };
		C8F2D3A1167CCEBC00F79826 /* Default.png in Resources */ = {isa = PBXBuildFile; fileRef = C8F2D3A0167CCEBC00F79826 /* Default.png */; };
		C8F2D3A3167CCEBC00F79826 /* Default@2x.png in Resources */ = {isa = PBXBuildFile; fileRef = C8F2D3A2167CCEBC00F79826 /* Default@2x.png */; };
		C8F2D3A5167CCEBC00F79826 /* Default-568h@2x.png in Resources */ = {isa = PBXBuildFile; fileRef = C8F2D3A4167CCEBC00F79826 /* Default-568h@2x.png */; };
/* End PBXBuildFile section */

/* Begin PBXFileReference section */
		C8F2D38A167CCEBC00F79826 /* ZenLegacy.app */ = {isa = PBXFileReference; explicitFileType = wrapper.application; includeInIndex = 0; path = ZenLegacy.app; sourceTree = BUILT_PRODUCTS_DIR; };
		C8F2D38E167CCEBC00F79826 /* UIKit.framework */ = {isa = PBXFileReference; lastKnownFileType = wrapper.framework; name = UIKit.framework; path = System/Library/Frameworks/UIKit.framework; sourceTree = SDKROOT; };
		C8F2D390167CCEBC00F79826 /* Foundation.framework */ = {isa = PBXFileReference; lastKnownFileType = wrapper.framework; name = Foundation.framework; path = System/Library/Frameworks/Foundation.framework; sourceTree = SDKROOT; };
		C8F2D392167CCEBC00F79826 /* CoreGraphics.framework */ = {isa = PBXFileReference; lastKnownFileType = wrapper.framework; name = CoreGraphics.framework; path = System/Library/Frameworks/CoreGraphics.framework; sourceTree = SDKROOT; };
		C8F2D396167CCEBC00F79826 /* ZenLegacy-Info.plist */ = {isa = PBXFileReference; lastKnownFileType = text.plist.xml; path = "ZenLegacy-Info.plist"; sourceTree = "<group>"; };
		C8F2D398167CCEBC00F79826 /* en */ = {isa = PBXFileReference; lastKnownFileType = text.plist.strings; name = en; path = en.lproj/InfoPlist.strings; sourceTree = "<group>"; };
		C8F2D39A167CCEBC00F79826 /* main.m */ = {isa = PBXFileReference; lastKnownFileType = sourcecode.c.objc; path = main.m; sourceTree = "<group>"; };
		C8F2D39C167CCEBC00F79826 /* ZenLegacy-Prefix.pch */ = {isa = PBXFileReference; lastKnownFileType = sourcecode.c.h; path = "ZenLegacy-Prefix.pch"; sourceTree = "<group>"; };
		C8F2D39D167CCEBC00F79826 /* AppDelegate.h */ = {isa = PBXFileReference; lastKnownFileType = sourcecode.c.h; path = AppDelegate.h; sourceTree = "<group>"; };
		C8F2D39E167CCEBC00F79826 /* AppDelegate.m */ = {isa = PBXFileReference; lastKnownFileType = sourcecode.c.objc; path = AppDelegate.m; sourceTree = "<group>"; };
		C8F2D3A0167CCEBC00F79826 /* Default.png */ = {isa = PBXFileReference; lastKnownFileType = image.png; path = Default.png; sourceTree = "<group>"; };
		C8F2D3A2167CCEBC00F79826 /* Default@2x.png */ = {isa = PBXFileReference; lastKnownFileType = image.png; path = "Default@2x.png"; sourceTree = "<group>"; };
		C8F2D3A4167CCEBC00F79826 /* Default-568h@2x.png */ = {isa = PBXFileReference; lastKnownFileType = image.png; path = "Default-568h@2x.png"; sourceTree = "<group>"; };
/* End PBXFileReference section */

/* Begin PBXFrameworksBuildPhase section */
		C8F2D387167CCEBC00F79826 /* Frameworks */ = {
			isa = PBXFrameworksBuildPhase;
			buildActionMask = 2147483647;
			files = (
				C8F2D38F167CCEBC00F79826 /* UIKit.framework in Frameworks */,
				C8F2D391167CCEBC00F79826 /* Foundation.framework in Frameworks */,
				C8F2D393167CCEBC00F79826 /* CoreGraphics.framework in Frameworks */,
			);
			runOnlyForDeploymentPostprocessing = 0;
		};
/* End PBXFrameworksBuildPhase section */

/* Begin PBXGroup section */
		C8F2D37F167CCEBC00F79826 = {
			isa = PBXGroup;
			children = (
				C8F2D394167CCEBC00F79826 /* ZenLegacy */,
				C8F2D38D167CCEBC00F79826 /* Frameworks */,
				C8F2D38B167CCEBC00F79826 /* Products */,
			);
			sourceTree = "<group>";
		};
		C8F2D38B167CCEBC00F79826 /* Products */ = {
			isa = PBXGroup;
			children = (
				C8F2D38A167CCEBC00F79826 /* ZenLegacy.app */,
			);
			name = Products;
			sourceTree = "<group>";
		};
		C8F2D38D167CCEBC00F79826 /* Frameworks */ = {
			isa = PBXGroup;
			children = (
				C8F2D38E167CCEBC00F79826 /* UIKit.framework */,
				C8F2D390167CCEBC00F79826 /* Foundation.framework */,
				C8F2D392167CCEBC00F79826 /* CoreGraphics.framework */,
			);
			name = Frameworks;
			sourceTree = "<group>";
		};
		C8F2D394167CCEBC00F79826 /* ZenLegacy */ = {
			isa = PBXGroup;
			children = (
				C8F2D39D167CCEBC00F79826 /* AppDelegate.h */,
				C8F2D39E167CCEBC00F79826 /* AppDelegate.m */,
				C8F2D395167CCEBC00F79826 /* Supporting Files */,
			);
			path = ZenLegacy;
			sourceTree = "<group>";
		};
		C8F2D395167CCEBC00F79826 /* Supporting Files */ = {
			isa = PBXGroup;
			children = (
				C8F2D396167CCEBC00F79826 /* ZenLegacy-Info.plist */,
				C8F2D397167CCEBC00F79826 /* InfoPlist.strings */,
				C8F2D39A167CCEBC00F79826 /* main.m */,
				C8F2D39C167CCEBC00F79826 /* ZenLegacy-Prefix.pch */,
				C8F2D3A0167CCEBC00F79826 /* Default.png */,
				C8F2D3A2167CCEBC00F79826 /* Default@2x.png */,
				C8F2D3A4167CCEBC00F79826 /* Default-568h@2x.png */,
			);
			name = "Supporting Files";
			sourceTree = "<group>";
		};
/* End PBXGroup section */

/* Begin PBXNativeTarget section */
		C8F2D389167CCEBC00F79826 /* ZenLegacy */ = {
			isa = PBXNativeTarget;
			buildConfigurationList = C8F2D3A8167CCEBC00F79826 /* Build configuration list for PBXNativeTarget "ZenLegacy" */;
			buildPhases = (
				C8F2D386167CCEBC00F79826 /* Sources */,
				C8F2D387167CCEBC00F79826 /* Frameworks */,
				C8F2D388167CCEBC00F79826 /* Resources */,
			);
			buildRules = (
			);
			dependencies = (
			);
			name = ZenLegacy;
			productName = ZenLegacy;
			productReference = C8F2D38A167CCEBC00F79826 /* ZenLegacy.app */;
			productType = "com.apple.product-type.application";
		};
/* End PBXNativeTarget section */

/* Begin PBXProject section */
		C8F2D381167CCEBC00F79826 /* Project object */ = {
			isa = PBXProject;
			attributes = {
				LastUpgradeCheck = 0450;
				ORGANIZATIONNAME = "John Parron";
			};
			buildConfigurationList = C8F2D384167CCEBC00F79826 /* Build configuration list for PBXProject "ZenLegacy" */;
			compatibilityVersion = "Xcode 3.2";
			developmentRegion = English;
			hasScannedForEncodings = 0;
			knownRegions = (
				en,
			);
			mainGroup = C8F2D37F167CCEBC00F79826;
			productRefGroup = C8F2D38B167CCEBC00F79826 /* Products */;
			projectDirPath = "";
			projectRoot = "";
			targets = (
				C8F2D389167CCEBC00F79826 /* ZenLegacy */,
			);
		};
/* End PBXProject section */

/* Begin PBXResourcesBuildPhase section */
		C8F2D388167CCEBC00F79826 /* Resources */ = {
			isa = PBXResourcesBuildPhase;
			buildActionMask = 2147483647;
			files = (
				C8F2D399167CCEBC00F79826 /* InfoPlist.strings in Resources */,
				C8F2D3A1167CCEBC00F79826 /* Default.png in Resources */,
				C8F2D3A3167CCEBC00F79826 /* Default@2x.png in Resources */,
				C8F2D3A5167CCEBC00F79826 /* Default-568h@2x.png in Resources */,
			);
			runOnlyForDeploymentPostprocessing = 0;
		};
/* End PBXResourcesBuildPhase section */

/* Begin PBXSourcesBuildPhase section */
		C8F2D386167CCEBC00F79826 /* Sources */ = {
			isa = PBXSourcesBuildPhase;
			buildActionMask = 2147483647;
			files = (
				C8F2D39B167CCEBC00F79826 /* main.m in Sources */,
				C8F2D39F167CCEBC00F79826 /* AppDelegate.m in Sources */,
			);
			runOnlyForDeploymentPostprocessing = 0;
		};
/* End PBXSourcesBuildPhase section */

/* Begin PBXVariantGroup section */
		C8F2D397167CCEBC00F79826 /* InfoPlist.strings */ = {
			isa = PBXVariantGroup;
			children = (
				C8F2D398167CCEBC00F79826 /* en */,
			);
			name = InfoPlist.strings;
			sourceTree = "<group>";
		};
/* End PBXVariantGroup section */

/* Begin XCBuildConfiguration section */
		C8F2D3A6167CCEBC00F79826 /* Debug */ = {
			isa = XCBuildConfiguration;
			buildSettings = {
				ALWAYS_SEARCH_USER_PATHS = NO;
				CLANG_CXX_LANGUAGE_STANDARD = "gnu++0x";
				CLANG_CXX_LIBRARY = "libc++";
				CLANG_WARN_EMPTY_BODY = YES;
				CLANG_WARN__DUPLICATE_METHOD_MATCH = YES;
				"CODE_SIGN_IDENTITY[sdk=iphoneos*]" = "iPhone Developer";
				COPY_PHASE_STRIP = NO;
				GCC_C_LANGUAGE_STANDARD = gnu99;
				GCC_DYNAMIC_NO_PIC = NO;
				GCC_OPTIMIZATION_LEVEL = 0;
				GCC_PREPROCESSOR_DEFINITIONS = (
					"DEBUG=1",
					"$(inherited)",
				);
				GCC_SYMBOLS_PRIVATE_EXTERN = NO;
				GCC_WARN_ABOUT_RETURN_TYPE = YES;
				GCC_WARN_UNINITIALIZED_AUTOS = YES;
				GCC_WARN_UNUSED_VARIABLE = YES;
				IPHONEOS_DEPLOYMENT_TARGET = 6.0;
				ONLY_ACTIVE_ARCH = YES;
				SDKROOT = iphoneos;
			};
			name = Debug;
		};
		C8F2D3A7167CCEBC00F79826 /* Release */ = {
			isa = XCBuildConfiguration;
			buildSettings = {
				ALWAYS_SEARCH_USER_PATHS = NO;
				CLANG_CXX_LANGUAGE_STANDARD = "gnu++0x";
				CLANG_CXX_LIBRARY = "libc++";
				CLANG_WARN_EMPTY_BODY = YES;
				CLANG_WARN__DUPLICATE_METHOD_MATCH = YES;
				"CODE_SIGN_IDENTITY[sdk=iphoneos*]" = "iPhone Developer";
				COPY_PHASE_STRIP = YES;
				GCC_C_LANGUAGE_STANDARD = gnu99;
				GCC_WARN_ABOUT_RETURN_TYPE = YES;
				GCC_WARN_UNINITIALIZED_AUTOS = YES;
				GCC_WARN_UNUSED_VARIABLE = YES;
				IPHONEOS_DEPLOYMENT_TARGET = 6.0;
				OTHER_CFLAGS = "-DNS_BLOCK_ASSERTIONS=1";
				SDKROOT = iphoneos;
				VALIDATE_PRODUCT = YES;
			};
			name = Release;
		};
		C8F2D3A9167CCEBC00F79826 /* Debug */ = {
			isa = XCBuildConfiguration;
			buildSettings = {
				GCC_PRECOMPILE_PREFIX_HEADER = YES;
				GCC_PREFIX_HEADER = "ZenLegacy/ZenLegacy-Prefix.pch";
				INFOPLIST_FILE = "ZenLegacy/ZenLegacy-Info.plist";
				PRODUCT_NAME = "$(TARGET_NAME)";
				WRAPPER_EXTENSION = app;
			};
			name = Debug;
		};
		C8F2D3AA167CCEBC00F79826 /* Release */ = {
			isa = XCBuildConfiguration;
			buildSettings = {
				GCC_PRECOMPILE_PREFIX_HEADER = YES;
				GCC_PREFIX_HEADER = "ZenLegacy/ZenLegacy-Prefix.pch";
				INFOPLIST_FILE = "ZenLegacy/ZenLegacy-Info.plist";
				PRODUCT_NAME = "$(TARGET_NAME)";
				WRAPPER_EXTENSION = app;
			};
			name = Release;
		};
/* End XCBuildConfiguration section */

/* Begin XCConfigurationList section */
		C8F2D384167CCEBC00F79826 /* Build configuration list for PBXProject "ZenLegacy" */ = {
			isa = XCConfigurationList;
			buildConfigurations = (
				C8F2D3A6167CCEBC00F79826 /* Debug */,
				C8F2D3A7167CCEBC00F79826 /* Release */,
			);
			defaultConfigurationIsVisible = 0;
			defaultConfigurationName = Release;
		};
		C8F2D3A8167CCEBC00F79826 /* Build configuration list for PBXNativeTarget "ZenLegacy" */ = {
			isa = XCConfigurationList;
			buildConfigurations = (
				C8F2D3A9167CCEBC00F79826 /* Debug */,
				C8F2D3AA167CCEBC00F79826 /* Release */,
			);
			defaultConfigurationIsVisible = 0;
		};
/* End XCConfigurationList section */
	};
	rootObject = C8F2D381167CCEBC00F79826 /* Project object */;
}
